github.com/BabaRiri/dog v0.0.0-20230725142825-bbb6f3fea93c h1:/sSvJA5iz45ITyumCxsPPZ/tGUqbXqsgLx5cXIxZnMo=
github.com/BabaRiri/dog v0.0.0-20230725142825-bbb6f3fea93c/go.mod h1:J95hcyl+DTcpLOFSJ7WR+6r4WyZX8dcWrilHeOMG8bo=
github.com/BabaRiri/puppy v1.2.0 h1:qOeShYQnN8nu8Prs69IC8jocl9nujX8jeY7ONQUnR10=
github.com/BabaRiri/puppy v1.2.0/go.mod h1:i/cpHt+Ulvs7Oyavb/xcE8TCq8GA8D9vZthMkUIn1n4=
github.com/BabaRiri/puppy v1.3.0 h1:+k3OK6GvOTQ+3JHg9+tZ9VMd7B56BNdpQSQ12K94gJU=
github.com/BabaRiri/puppy v1.3.0/go.mod h1:i/cpHt+Ulvs7Oyavb/xcE8TCq8GA8D9vZthMkUIn1n4=
