github.com/BabaRiri/dog v0.0.0-20230725142825-bbb6f3fea93c h1:/sSvJA5iz45ITyumCxsPPZ/tGUqbXqsgLx5cXIxZnMo=
github.com/BabaRiri/dog v0.0.0-20230725142825-bbb6f3fea93c/go.mod h1:J95hcyl+DTcpLOFSJ7WR+6r4WyZX8dcWrilHeOMG8bo=
github.com/BabaRiri/puppy v1.3.0 h1:+k3OK6GvOTQ+3JHg9+tZ9VMd7B56BNdpQSQ12K94gJU=
github.com/BabaRiri/puppy v1.3.0/go.mod h1:i/cpHt+Ulvs7Oyavb/xcE8TCq8GA8D9vZthMkUIn1n4=
golang.org/x/crypto v0.12.0 h1:tFM/ta59kqch6LlvYnPa0yx5a83cL2nHflFhYKvv9Yk=
golang.org/x/crypto v0.12.0/go.mod h1:NF0Gs7EO5K4qLn+Ylc+fih8BSTeIjAP05siRnAh98yw=
golang.org/x/exp v0.0.0-20230801115018-d63ba01acd4b h1:r+vk0EmXNmekl0S0BascoeeoHk/L7wmaW2QF90K+kYI=
golang.org/x/exp v0.0.0-20230801115018-d63ba01acd4b/go.mod h1:FXUEEKJgO7OQYeo8N01OfiKP8RXMtf6e8aTskBGqWdc=
