github.com/BabaRiri/dog v0.0.0-20230725142825-bbb6f3fea93c h1:/sSvJA5iz45ITyumCxsPPZ/tGUqbXqsgLx5cXIxZnMo=
github.com/BabaRiri/dog v0.0.0-20230725142825-bbb6f3fea93c/go.mod h1:J95hcyl+DTcpLOFSJ7WR+6r4WyZX8dcWrilHeOMG8bo=
github.com/BabaRiri/puppy v0.0.0-20230725144941-e224e54992e9 h1:IQ7HDpkf/crfsg+JsLmQVojjOUbl2cpfd7cPGfnsV+o=
github.com/BabaRiri/puppy v0.0.0-20230725144941-e224e54992e9/go.mod h1:i/cpHt+Ulvs7Oyavb/xcE8TCq8GA8D9vZthMkUIn1n4=
